
Microsoft Visual Studio Solution File, Format Version 12.00
# Visual Studio Version 16
VisualStudioVersion = 16.0.30114.105
MinimumVisualStudioVersion = 10.0.40219.1
Project("{FAE04EC0-301F-11D3-BF4B-00C04F79EFBC}") = "API", "API\API.csproj", "{3D53E25D-36A5-4D72-9E5C-77950963A07C}"
EndProject
Project("{FAE04EC0-301F-11D3-BF4B-00C04F79EFBC}") = "Application", "Application\Application.csproj", "{DD60FB2E-F4F8-47B6-B136-977F469A8880}"
EndProject
Project("{FAE04EC0-301F-11D3-BF4B-00C04F79EFBC}") = "Persistence", "Persistence\Persistence.csproj", "{31865E8F-0791-48EB-9511-780C4042BA07}"
EndProject
Project("{FAE04EC0-301F-11D3-BF4B-00C04F79EFBC}") = "Domain", "Domain\Domain.csproj", "{D46192F9-1E29-4AB8-A7B6-E77B78349A4F}"
EndProject
Global
	GlobalSection(SolutionConfigurationPlatforms) = preSolution
		Debug|Any CPU = Debug|Any CPU
		Release|Any CPU = Release|Any CPU
	EndGlobalSection
	GlobalSection(SolutionProperties) = preSolution
		HideSolutionNode = FALSE
	EndGlobalSection
	GlobalSection(ProjectConfigurationPlatforms) = postSolution
		{3D53E25D-36A5-4D72-9E5C-77950963A07C}.Debug|Any CPU.ActiveCfg = Debug|Any CPU
		{3D53E25D-36A5-4D72-9E5C-77950963A07C}.Debug|Any CPU.Build.0 = Debug|Any CPU
		{3D53E25D-36A5-4D72-9E5C-77950963A07C}.Release|Any CPU.ActiveCfg = Release|Any CPU
		{3D53E25D-36A5-4D72-9E5C-77950963A07C}.Release|Any CPU.Build.0 = Release|Any CPU
		{DD60FB2E-F4F8-47B6-B136-977F469A8880}.Debug|Any CPU.ActiveCfg = Debug|Any CPU
		{DD60FB2E-F4F8-47B6-B136-977F469A8880}.Debug|Any CPU.Build.0 = Debug|Any CPU
		{DD60FB2E-F4F8-47B6-B136-977F469A8880}.Release|Any CPU.ActiveCfg = Release|Any CPU
		{DD60FB2E-F4F8-47B6-B136-977F469A8880}.Release|Any CPU.Build.0 = Release|Any CPU
		{31865E8F-0791-48EB-9511-780C4042BA07}.Debug|Any CPU.ActiveCfg = Debug|Any CPU
		{31865E8F-0791-48EB-9511-780C4042BA07}.Debug|Any CPU.Build.0 = Debug|Any CPU
		{31865E8F-0791-48EB-9511-780C4042BA07}.Release|Any CPU.ActiveCfg = Release|Any CPU
		{31865E8F-0791-48EB-9511-780C4042BA07}.Release|Any CPU.Build.0 = Release|Any CPU
		{D46192F9-1E29-4AB8-A7B6-E77B78349A4F}.Debug|Any CPU.ActiveCfg = Debug|Any CPU
		{D46192F9-1E29-4AB8-A7B6-E77B78349A4F}.Debug|Any CPU.Build.0 = Debug|Any CPU
		{D46192F9-1E29-4AB8-A7B6-E77B78349A4F}.Release|Any CPU.ActiveCfg = Release|Any CPU
		{D46192F9-1E29-4AB8-A7B6-E77B78349A4F}.Release|Any CPU.Build.0 = Release|Any CPU
	EndGlobalSection
EndGlobal
